
Microsoft Visual Studio Solution File, Format Version 12.00
# Visual Studio Version 17
VisualStudioVersion = 17.1.32210.238
MinimumVisualStudioVersion = 10.0.40219.1
Project("{FAE04EC0-301F-11D3-BF4B-00C04F79EFBC}") = "NBA", "WindowsFormsApplication1\NBA.csproj", "{3ED9C543-1779-4C34-8FCF-194F93B2C579}"
EndProject
Global
	GlobalSection(SolutionConfigurationPlatforms) = preSolution
		Debug|Any CPU = Debug|Any CPU
		Release|Any CPU = Release|Any CPU
	EndGlobalSection
	GlobalSection(ProjectConfigurationPlatforms) = postSolution
		{3ED9C543-1779-4C34-8FCF-194F93B2C579}.Debug|Any CPU.ActiveCfg = Debug|Any CPU
		{3ED9C543-1779-4C34-8FCF-194F93B2C579}.Debug|Any CPU.Build.0 = Debug|Any CPU
		{3ED9C543-1779-4C34-8FCF-194F93B2C579}.Release|Any CPU.ActiveCfg = Release|Any CPU
		{3ED9C543-1779-4C34-8FCF-194F93B2C579}.Release|Any CPU.Build.0 = Release|Any CPU
	EndGlobalSection
	GlobalSection(SolutionProperties) = preSolution
		HideSolutionNode = FALSE
	EndGlobalSection
	GlobalSection(ExtensibilityGlobals) = postSolution
		SolutionGuid = {C2790385-B385-4F6E-8E67-855AF281B979}
	EndGlobalSection
EndGlobal
